
Microsoft Visual Studio Solution File, Format Version 12.00
# Visual Studio 15
VisualStudioVersion = 15.0.27703.2047
MinimumVisualStudioVersion = 10.0.40219.1
Project("{FAE04EC0-301F-11D3-BF4B-00C04F79EFBC}") = "ClasseTva", "ClasseTva\ClasseTva.csproj", "{7AA7923B-44EC-4B1C-9B12-11FA079FF937}"
EndProject
Project("{FAE04EC0-301F-11D3-BF4B-00C04F79EFBC}") = "AbctractFactory", "Vehicule\AbctractFactory.csproj", "{5D350B6C-0676-48DB-BADB-135ED23B8545}"
EndProject
Project("{FAE04EC0-301F-11D3-BF4B-00C04F79EFBC}") = "Builder", "Blinder\Builder.csproj", "{F4D57928-1321-4A2E-98DC-3C4C3E0FA875}"
EndProject
Project("{FAE04EC0-301F-11D3-BF4B-00C04F79EFBC}") = "FactoryMethod", "FactoryMethod\FactoryMethod.csproj", "{C71F1F88-3E07-4B41-B643-2C6F9F075B02}"
EndProject
Project("{FAE04EC0-301F-11D3-BF4B-00C04F79EFBC}") = "Prototype", "Prototype\Prototype.csproj", "{525D4EDE-0113-4C21-A212-7AAF2F5E66DB}"
EndProject
Project("{FAE04EC0-301F-11D3-BF4B-00C04F79EFBC}") = "Singleton", "Singleton\Singleton.csproj", "{03F0C938-C1FD-48AB-B57C-FD5F31140451}"
EndProject
Project("{FAE04EC0-301F-11D3-BF4B-00C04F79EFBC}") = "Adapter", "Adapter\Adapter.csproj", "{EB4C548D-EC1C-4BFC-A4A6-2BAB858EF9EA}"
EndProject
Project("{FAE04EC0-301F-11D3-BF4B-00C04F79EFBC}") = "TpGetteurSetteur", "TpGetteurSetteur\TpGetteurSetteur.csproj", "{EF95761C-382F-4D6A-87A4-D7A4497E4B59}"
EndProject
Project("{2150E333-8FDC-42A3-9474-1A3956D46DE8}") = "DesignPatternsConstruction", "DesignPatternsConstruction", "{1CBB5D1B-2DF7-4C78-A12B-141ECC1B78E3}"
EndProject
Project("{2150E333-8FDC-42A3-9474-1A3956D46DE8}") = "DesignPatternsStructuration", "DesignPatternsStructuration", "{BD359B55-C857-412D-9F7E-36C2F885F5AC}"
EndProject
Project("{2150E333-8FDC-42A3-9474-1A3956D46DE8}") = "DesignPatternsComportement", "DesignPatternsComportement", "{3E829A37-200C-4154-BAE1-703FE4D5CFB8}"
EndProject
Project("{FAE04EC0-301F-11D3-BF4B-00C04F79EFBC}") = "ChainOfResponsabilityy", "ChainOfResponsabilityy\ChainOfResponsabilityy.csproj", "{DA2CD9E6-9BA2-4455-9949-1191138BD4CC}"
EndProject
Project("{FAE04EC0-301F-11D3-BF4B-00C04F79EFBC}") = "Memento", "Memento\Memento.csproj", "{8C3CA5EE-E972-426F-8ABE-0969D7A3AE73}"
EndProject
Global
	GlobalSection(SolutionConfigurationPlatforms) = preSolution
		Debug|Any CPU = Debug|Any CPU
		Release|Any CPU = Release|Any CPU
	EndGlobalSection
	GlobalSection(ProjectConfigurationPlatforms) = postSolution
		{7AA7923B-44EC-4B1C-9B12-11FA079FF937}.Debug|Any CPU.ActiveCfg = Debug|Any CPU
		{7AA7923B-44EC-4B1C-9B12-11FA079FF937}.Debug|Any CPU.Build.0 = Debug|Any CPU
		{7AA7923B-44EC-4B1C-9B12-11FA079FF937}.Release|Any CPU.ActiveCfg = Release|Any CPU
		{7AA7923B-44EC-4B1C-9B12-11FA079FF937}.Release|Any CPU.Build.0 = Release|Any CPU
		{5D350B6C-0676-48DB-BADB-135ED23B8545}.Debug|Any CPU.ActiveCfg = Debug|Any CPU
		{5D350B6C-0676-48DB-BADB-135ED23B8545}.Debug|Any CPU.Build.0 = Debug|Any CPU
		{5D350B6C-0676-48DB-BADB-135ED23B8545}.Release|Any CPU.ActiveCfg = Release|Any CPU
		{5D350B6C-0676-48DB-BADB-135ED23B8545}.Release|Any CPU.Build.0 = Release|Any CPU
		{F4D57928-1321-4A2E-98DC-3C4C3E0FA875}.Debug|Any CPU.ActiveCfg = Debug|Any CPU
		{F4D57928-1321-4A2E-98DC-3C4C3E0FA875}.Debug|Any CPU.Build.0 = Debug|Any CPU
		{F4D57928-1321-4A2E-98DC-3C4C3E0FA875}.Release|Any CPU.ActiveCfg = Release|Any CPU
		{F4D57928-1321-4A2E-98DC-3C4C3E0FA875}.Release|Any CPU.Build.0 = Release|Any CPU
		{C71F1F88-3E07-4B41-B643-2C6F9F075B02}.Debug|Any CPU.ActiveCfg = Debug|Any CPU
		{C71F1F88-3E07-4B41-B643-2C6F9F075B02}.Debug|Any CPU.Build.0 = Debug|Any CPU
		{C71F1F88-3E07-4B41-B643-2C6F9F075B02}.Release|Any CPU.ActiveCfg = Release|Any CPU
		{C71F1F88-3E07-4B41-B643-2C6F9F075B02}.Release|Any CPU.Build.0 = Release|Any CPU
		{525D4EDE-0113-4C21-A212-7AAF2F5E66DB}.Debug|Any CPU.ActiveCfg = Debug|Any CPU
		{525D4EDE-0113-4C21-A212-7AAF2F5E66DB}.Debug|Any CPU.Build.0 = Debug|Any CPU
		{525D4EDE-0113-4C21-A212-7AAF2F5E66DB}.Release|Any CPU.ActiveCfg = Release|Any CPU
		{525D4EDE-0113-4C21-A212-7AAF2F5E66DB}.Release|Any CPU.Build.0 = Release|Any CPU
		{03F0C938-C1FD-48AB-B57C-FD5F31140451}.Debug|Any CPU.ActiveCfg = Debug|Any CPU
		{03F0C938-C1FD-48AB-B57C-FD5F31140451}.Debug|Any CPU.Build.0 = Debug|Any CPU
		{03F0C938-C1FD-48AB-B57C-FD5F31140451}.Release|Any CPU.ActiveCfg = Release|Any CPU
		{03F0C938-C1FD-48AB-B57C-FD5F31140451}.Release|Any CPU.Build.0 = Release|Any CPU
		{EB4C548D-EC1C-4BFC-A4A6-2BAB858EF9EA}.Debug|Any CPU.ActiveCfg = Debug|Any CPU
		{EB4C548D-EC1C-4BFC-A4A6-2BAB858EF9EA}.Debug|Any CPU.Build.0 = Debug|Any CPU
		{EB4C548D-EC1C-4BFC-A4A6-2BAB858EF9EA}.Release|Any CPU.ActiveCfg = Release|Any CPU
		{EB4C548D-EC1C-4BFC-A4A6-2BAB858EF9EA}.Release|Any CPU.Build.0 = Release|Any CPU
		{EF95761C-382F-4D6A-87A4-D7A4497E4B59}.Debug|Any CPU.ActiveCfg = Debug|Any CPU
		{EF95761C-382F-4D6A-87A4-D7A4497E4B59}.Debug|Any CPU.Build.0 = Debug|Any CPU
		{EF95761C-382F-4D6A-87A4-D7A4497E4B59}.Release|Any CPU.ActiveCfg = Release|Any CPU
		{EF95761C-382F-4D6A-87A4-D7A4497E4B59}.Release|Any CPU.Build.0 = Release|Any CPU
		{DA2CD9E6-9BA2-4455-9949-1191138BD4CC}.Debug|Any CPU.ActiveCfg = Debug|Any CPU
		{DA2CD9E6-9BA2-4455-9949-1191138BD4CC}.Debug|Any CPU.Build.0 = Debug|Any CPU
		{DA2CD9E6-9BA2-4455-9949-1191138BD4CC}.Release|Any CPU.ActiveCfg = Release|Any CPU
		{DA2CD9E6-9BA2-4455-9949-1191138BD4CC}.Release|Any CPU.Build.0 = Release|Any CPU
		{8C3CA5EE-E972-426F-8ABE-0969D7A3AE73}.Debug|Any CPU.ActiveCfg = Debug|Any CPU
		{8C3CA5EE-E972-426F-8ABE-0969D7A3AE73}.Debug|Any CPU.Build.0 = Debug|Any CPU
		{8C3CA5EE-E972-426F-8ABE-0969D7A3AE73}.Release|Any CPU.ActiveCfg = Release|Any CPU
		{8C3CA5EE-E972-426F-8ABE-0969D7A3AE73}.Release|Any CPU.Build.0 = Release|Any CPU
	EndGlobalSection
	GlobalSection(SolutionProperties) = preSolution
		HideSolutionNode = FALSE
	EndGlobalSection
	GlobalSection(NestedProjects) = preSolution
		{7AA7923B-44EC-4B1C-9B12-11FA079FF937} = {1CBB5D1B-2DF7-4C78-A12B-141ECC1B78E3}
		{5D350B6C-0676-48DB-BADB-135ED23B8545} = {1CBB5D1B-2DF7-4C78-A12B-141ECC1B78E3}
		{F4D57928-1321-4A2E-98DC-3C4C3E0FA875} = {1CBB5D1B-2DF7-4C78-A12B-141ECC1B78E3}
		{C71F1F88-3E07-4B41-B643-2C6F9F075B02} = {1CBB5D1B-2DF7-4C78-A12B-141ECC1B78E3}
		{525D4EDE-0113-4C21-A212-7AAF2F5E66DB} = {1CBB5D1B-2DF7-4C78-A12B-141ECC1B78E3}
		{03F0C938-C1FD-48AB-B57C-FD5F31140451} = {1CBB5D1B-2DF7-4C78-A12B-141ECC1B78E3}
		{EB4C548D-EC1C-4BFC-A4A6-2BAB858EF9EA} = {BD359B55-C857-412D-9F7E-36C2F885F5AC}
		{EF95761C-382F-4D6A-87A4-D7A4497E4B59} = {1CBB5D1B-2DF7-4C78-A12B-141ECC1B78E3}
		{DA2CD9E6-9BA2-4455-9949-1191138BD4CC} = {3E829A37-200C-4154-BAE1-703FE4D5CFB8}
		{8C3CA5EE-E972-426F-8ABE-0969D7A3AE73} = {3E829A37-200C-4154-BAE1-703FE4D5CFB8}
	EndGlobalSection
	GlobalSection(ExtensibilityGlobals) = postSolution
		SolutionGuid = {5ECDAE14-2F9D-4878-BF56-81A044715AE3}
	EndGlobalSection
EndGlobal
